
Microsoft Visual Studio Solution File, Format Version 12.00
# Visual Studio Version 17
VisualStudioVersion = 17.8.34330.188
MinimumVisualStudioVersion = 10.0.40219.1
Project("{FAE04EC0-301F-11D3-BF4B-00C04F79EFBC}") = "Expense Tracker", "Expense Tracker\Expense Tracker.csproj", "{5C943BCD-98DE-4C84-A47A-C79F2625216C}"
EndProject
Global
	GlobalSection(SolutionConfigurationPlatforms) = preSolution
		Debug|Any CPU = Debug|Any CPU
		Release|Any CPU = Release|Any CPU
	EndGlobalSection
	GlobalSection(ProjectConfigurationPlatforms) = postSolution
		{5C943BCD-98DE-4C84-A47A-C79F2625216C}.Debug|Any CPU.ActiveCfg = Debug|Any CPU
		{5C943BCD-98DE-4C84-A47A-C79F2625216C}.Debug|Any CPU.Build.0 = Debug|Any CPU
		{5C943BCD-98DE-4C84-A47A-C79F2625216C}.Release|Any CPU.ActiveCfg = Release|Any CPU
		{5C943BCD-98DE-4C84-A47A-C79F2625216C}.Release|Any CPU.Build.0 = Release|Any CPU
	EndGlobalSection
	GlobalSection(SolutionProperties) = preSolution
		HideSolutionNode = FALSE
	EndGlobalSection
	GlobalSection(ExtensibilityGlobals) = postSolution
		SolutionGuid = {5E6A8BD0-3FBD-41F0-AAFF-7D95A4E5A8A9}
	EndGlobalSection
EndGlobal
